// !$*UTF8*$!
{
	archiveVersion = 1;
	classes = {
	};
	objectVersion = 46;
	objects = {

/* Begin PBXBuildFile section */
		01692A6D1B98AA0F00F72ACF /* 1f.png in Resources */ = {isa = PBXBuildFile; fileRef = 01692A661B98AA0F00F72ACF /* 1f.png */; };
		01692A6E1B98AA0F00F72ACF /* 2f.png in Resources */ = {isa = PBXBuildFile; fileRef = 01692A671B98AA0F00F72ACF /* 2f.png */; };
		01692A6F1B98AA0F00F72ACF /* 3f.png in Resources */ = {isa = PBXBuildFile; fileRef = 01692A681B98AA0F00F72ACF /* 3f.png */; };
		01692A701B98AA0F00F72ACF /* 4f.png in Resources */ = {isa = PBXBuildFile; fileRef = 01692A691B98AA0F00F72ACF /* 4f.png */; };
		01692A711B98AA0F00F72ACF /* 5f.png in Resources */ = {isa = PBXBuildFile; fileRef = 01692A6A1B98AA0F00F72ACF /* 5f.png */; };
		01692A721B98AA0F00F72ACF /* 6f.png in Resources */ = {isa = PBXBuildFile; fileRef = 01692A6B1B98AA0F00F72ACF /* 6f.png */; };
		01692A731B98AA0F00F72ACF /* 7f.png in Resources */ = {isa = PBXBuildFile; fileRef = 01692A6C1B98AA0F00F72ACF /* 7f.png */; };
		01692A7D1B98BDDB00F72ACF /* bg.png in Resources */ = {isa = PBXBuildFile; fileRef = 01692A7C1B98BDDB00F72ACF /* bg.png */; };
		01692A831B98BFBE00F72ACF /* 1fw.png in Resources */ = {isa = PBXBuildFile; fileRef = 01692A7E1B98BFBE00F72ACF /* 1fw.png */; };
		01692A841B98BFBE00F72ACF /* 2fw.png in Resources */ = {isa = PBXBuildFile; fileRef = 01692A7F1B98BFBE00F72ACF /* 2fw.png */; };
		01692A851B98BFBE00F72ACF /* 3fw.png in Resources */ = {isa = PBXBuildFile; fileRef = 01692A801B98BFBE00F72ACF /* 3fw.png */; };
		01692A861B98BFBE00F72ACF /* 4fw.png in Resources */ = {isa = PBXBuildFile; fileRef = 01692A811B98BFBE00F72ACF /* 4fw.png */; };
		01692A871B98BFBE00F72ACF /* 5fw.png in Resources */ = {isa = PBXBuildFile; fileRef = 01692A821B98BFBE00F72ACF /* 5fw.png */; };
		016BB76E1B974C3A008F6E4B /* AppDelegate.swift in Sources */ = {isa = PBXBuildFile; fileRef = 016BB76D1B974C3A008F6E4B /* AppDelegate.swift */; };
		016BB7751B974C3B008F6E4B /* Images.xcassets in Resources */ = {isa = PBXBuildFile; fileRef = 016BB7741B974C3B008F6E4B /* Images.xcassets */; };
		016BB7781B974C3B008F6E4B /* LaunchScreen.xib in Resources */ = {isa = PBXBuildFile; fileRef = 016BB7761B974C3B008F6E4B /* LaunchScreen.xib */; };
		016BB7841B974C3B008F6E4B /* WalkthroughTests.swift in Sources */ = {isa = PBXBuildFile; fileRef = 016BB7831B974C3B008F6E4B /* WalkthroughTests.swift */; };
		016BB7901B974D01008F6E4B /* MBEWalkthroughController.swift in Sources */ = {isa = PBXBuildFile; fileRef = 016BB78F1B974D01008F6E4B /* MBEWalkthroughController.swift */; };
		016BB7921B975826008F6E4B /* MBEWalkthroughController.xib in Resources */ = {isa = PBXBuildFile; fileRef = 016BB7911B975826008F6E4B /* MBEWalkthroughController.xib */; };
		016BB7951B975C74008F6E4B /* MBEWalkthroughCell.swift in Sources */ = {isa = PBXBuildFile; fileRef = 016BB7931B975C74008F6E4B /* MBEWalkthroughCell.swift */; };
		016BB7961B975C74008F6E4B /* MBEWalkthroughCell.xib in Resources */ = {isa = PBXBuildFile; fileRef = 016BB7941B975C74008F6E4B /* MBEWalkthroughCell.xib */; };
		016BB7B61B978FAF008F6E4B /* ViewController.swift in Sources */ = {isa = PBXBuildFile; fileRef = 016BB7B41B978FAF008F6E4B /* ViewController.swift */; };
		016BB7B71B978FAF008F6E4B /* ViewController.xib in Resources */ = {isa = PBXBuildFile; fileRef = 016BB7B51B978FAF008F6E4B /* ViewController.xib */; };
/* End PBXBuildFile section */

/* Begin PBXContainerItemProxy section */
		016BB77E1B974C3B008F6E4B /* PBXContainerItemProxy */ = {
			isa = PBXContainerItemProxy;
			containerPortal = 016BB7601B974C3A008F6E4B /* Project object */;
			proxyType = 1;
			remoteGlobalIDString = 016BB7671B974C3A008F6E4B;
			remoteInfo = Walkthrough;
		};
/* End PBXContainerItemProxy section */

/* Begin PBXFileReference section */
		01692A661B98AA0F00F72ACF /* 1f.png */ = {isa = PBXFileReference; lastKnownFileType = image.png; path = 1f.png; sourceTree = "<group>"; };
		01692A671B98AA0F00F72ACF /* 2f.png */ = {isa = PBXFileReference; lastKnownFileType = image.png; path = 2f.png; sourceTree = "<group>"; };
		01692A681B98AA0F00F72ACF /* 3f.png */ = {isa = PBXFileReference; lastKnownFileType = image.png; path = 3f.png; sourceTree = "<group>"; };
		01692A691B98AA0F00F72ACF /* 4f.png */ = {isa = PBXFileReference; lastKnownFileType = image.png; path = 4f.png; sourceTree = "<group>"; };
		01692A6A1B98AA0F00F72ACF /* 5f.png */ = {isa = PBXFileReference; lastKnownFileType = image.png; path = 5f.png; sourceTree = "<group>"; };
		01692A6B1B98AA0F00F72ACF /* 6f.png */ = {isa = PBXFileReference; lastKnownFileType = image.png; path = 6f.png; sourceTree = "<group>"; };
		01692A6C1B98AA0F00F72ACF /* 7f.png */ = {isa = PBXFileReference; lastKnownFileType = image.png; path = 7f.png; sourceTree = "<group>"; };
		01692A7C1B98BDDB00F72ACF /* bg.png */ = {isa = PBXFileReference; lastKnownFileType = image.png; path = bg.png; sourceTree = "<group>"; };
		01692A7E1B98BFBE00F72ACF /* 1fw.png */ = {isa = PBXFileReference; lastKnownFileType = image.png; path = 1fw.png; sourceTree = "<group>"; };
		01692A7F1B98BFBE00F72ACF /* 2fw.png */ = {isa = PBXFileReference; lastKnownFileType = image.png; path = 2fw.png; sourceTree = "<group>"; };
		01692A801B98BFBE00F72ACF /* 3fw.png */ = {isa = PBXFileReference; lastKnownFileType = image.png; path = 3fw.png; sourceTree = "<group>"; };
		01692A811B98BFBE00F72ACF /* 4fw.png */ = {isa = PBXFileReference; lastKnownFileType = image.png; path = 4fw.png; sourceTree = "<group>"; };
		01692A821B98BFBE00F72ACF /* 5fw.png */ = {isa = PBXFileReference; lastKnownFileType = image.png; path = 5fw.png; sourceTree = "<group>"; };
		016BB7681B974C3A008F6E4B /* Walkthrough.app */ = {isa = PBXFileReference; explicitFileType = wrapper.application; includeInIndex = 0; path = Walkthrough.app; sourceTree = BUILT_PRODUCTS_DIR; };
		016BB76C1B974C3A008F6E4B /* Info.plist */ = {isa = PBXFileReference; lastKnownFileType = text.plist.xml; path = Info.plist; sourceTree = "<group>"; };
		016BB76D1B974C3A008F6E4B /* AppDelegate.swift */ = {isa = PBXFileReference; lastKnownFileType = sourcecode.swift; path = AppDelegate.swift; sourceTree = "<group>"; };
		016BB7741B974C3B008F6E4B /* Images.xcassets */ = {isa = PBXFileReference; lastKnownFileType = folder.assetcatalog; path = Images.xcassets; sourceTree = "<group>"; };
		016BB7771B974C3B008F6E4B /* Base */ = {isa = PBXFileReference; lastKnownFileType = file.xib; name = Base; path = Base.lproj/LaunchScreen.xib; sourceTree = "<group>"; };
		016BB77D1B974C3B008F6E4B /* WalkthroughTests.xctest */ = {isa = PBXFileReference; explicitFileType = wrapper.cfbundle; includeInIndex = 0; path = WalkthroughTests.xctest; sourceTree = BUILT_PRODUCTS_DIR; };
		016BB7821B974C3B008F6E4B /* Info.plist */ = {isa = PBXFileReference; lastKnownFileType = text.plist.xml; path = Info.plist; sourceTree = "<group>"; };
		016BB7831B974C3B008F6E4B /* WalkthroughTests.swift */ = {isa = PBXFileReference; lastKnownFileType = sourcecode.swift; path = WalkthroughTests.swift; sourceTree = "<group>"; };
		016BB78F1B974D01008F6E4B /* MBEWalkthroughController.swift */ = {isa = PBXFileReference; fileEncoding = 4; lastKnownFileType = sourcecode.swift; path = MBEWalkthroughController.swift; sourceTree = "<group>"; };
		016BB7911B975826008F6E4B /* MBEWalkthroughController.xib */ = {isa = PBXFileReference; fileEncoding = 4; lastKnownFileType = file.xib; path = MBEWalkthroughController.xib; sourceTree = "<group>"; };
		016BB7931B975C74008F6E4B /* MBEWalkthroughCell.swift */ = {isa = PBXFileReference; fileEncoding = 4; lastKnownFileType = sourcecode.swift; path = MBEWalkthroughCell.swift; sourceTree = "<group>"; };
		016BB7941B975C74008F6E4B /* MBEWalkthroughCell.xib */ = {isa = PBXFileReference; fileEncoding = 4; lastKnownFileType = file.xib; path = MBEWalkthroughCell.xib; sourceTree = "<group>"; };
		016BB7B41B978FAF008F6E4B /* ViewController.swift */ = {isa = PBXFileReference; fileEncoding = 4; lastKnownFileType = sourcecode.swift; path = ViewController.swift; sourceTree = "<group>"; };
		016BB7B51B978FAF008F6E4B /* ViewController.xib */ = {isa = PBXFileReference; fileEncoding = 4; lastKnownFileType = file.xib; path = ViewController.xib; sourceTree = "<group>"; };
/* End PBXFileReference section */

/* Begin PBXFrameworksBuildPhase section */
		016BB7651B974C3A008F6E4B /* Frameworks */ = {
			isa = PBXFrameworksBuildPhase;
			buildActionMask = 2147483647;
			files = (
			);
			runOnlyForDeploymentPostprocessing = 0;
		};
		016BB77A1B974C3B008F6E4B /* Frameworks */ = {
			isa = PBXFrameworksBuildPhase;
			buildActionMask = 2147483647;
			files = (
			);
			runOnlyForDeploymentPostprocessing = 0;
		};
/* End PBXFrameworksBuildPhase section */

/* Begin PBXGroup section */
		016BB75F1B974C3A008F6E4B = {
			isa = PBXGroup;
			children = (
				016BB76A1B974C3A008F6E4B /* Walkthrough */,
				016BB7801B974C3B008F6E4B /* WalkthroughTests */,
				016BB7691B974C3A008F6E4B /* Products */,
			);
			sourceTree = "<group>";
		};
		016BB7691B974C3A008F6E4B /* Products */ = {
			isa = PBXGroup;
			children = (
				016BB7681B974C3A008F6E4B /* Walkthrough.app */,
				016BB77D1B974C3B008F6E4B /* WalkthroughTests.xctest */,
			);
			name = Products;
			sourceTree = "<group>";
		};
		016BB76A1B974C3A008F6E4B /* Walkthrough */ = {
			isa = PBXGroup;
			children = (
				016BB7CA1B97D56C008F6E4B /* Classes */,
				016BB78E1B974CC9008F6E4B /* Source */,
				016BB7741B974C3B008F6E4B /* Images.xcassets */,
				016BB7761B974C3B008F6E4B /* LaunchScreen.xib */,
				016BB76B1B974C3A008F6E4B /* Supporting Files */,
			);
			path = Walkthrough;
			sourceTree = "<group>";
		};
		016BB76B1B974C3A008F6E4B /* Supporting Files */ = {
			isa = PBXGroup;
			children = (
				016BB76C1B974C3A008F6E4B /* Info.plist */,
				016BB7C91B97D557008F6E4B /* Images */,
			);
			name = "Supporting Files";
			sourceTree = "<group>";
		};
		016BB7801B974C3B008F6E4B /* WalkthroughTests */ = {
			isa = PBXGroup;
			children = (
				016BB7831B974C3B008F6E4B /* WalkthroughTests.swift */,
				016BB7811B974C3B008F6E4B /* Supporting Files */,
			);
			path = WalkthroughTests;
			sourceTree = "<group>";
		};
		016BB7811B974C3B008F6E4B /* Supporting Files */ = {
			isa = PBXGroup;
			children = (
				016BB7821B974C3B008F6E4B /* Info.plist */,
			);
			name = "Supporting Files";
			sourceTree = "<group>";
		};
		016BB78E1B974CC9008F6E4B /* Source */ = {
			isa = PBXGroup;
			children = (
				016BB7931B975C74008F6E4B /* MBEWalkthroughCell.swift */,
				016BB7941B975C74008F6E4B /* MBEWalkthroughCell.xib */,
				016BB78F1B974D01008F6E4B /* MBEWalkthroughController.swift */,
				016BB7911B975826008F6E4B /* MBEWalkthroughController.xib */,
			);
			name = Source;
			sourceTree = "<group>";
		};
		016BB7C91B97D557008F6E4B /* Images */ = {
			isa = PBXGroup;
			children = (
				01692A7C1B98BDDB00F72ACF /* bg.png */,
				01692A7E1B98BFBE00F72ACF /* 1fw.png */,
				01692A7F1B98BFBE00F72ACF /* 2fw.png */,
				01692A801B98BFBE00F72ACF /* 3fw.png */,
				01692A811B98BFBE00F72ACF /* 4fw.png */,
				01692A821B98BFBE00F72ACF /* 5fw.png */,
				01692A661B98AA0F00F72ACF /* 1f.png */,
				01692A671B98AA0F00F72ACF /* 2f.png */,
				01692A681B98AA0F00F72ACF /* 3f.png */,
				01692A691B98AA0F00F72ACF /* 4f.png */,
				01692A6A1B98AA0F00F72ACF /* 5f.png */,
				01692A6B1B98AA0F00F72ACF /* 6f.png */,
				01692A6C1B98AA0F00F72ACF /* 7f.png */,
			);
			name = Images;
			sourceTree = "<group>";
		};
		016BB7CA1B97D56C008F6E4B /* Classes */ = {
			isa = PBXGroup;
			children = (
				016BB76D1B974C3A008F6E4B /* AppDelegate.swift */,
				016BB7B41B978FAF008F6E4B /* ViewController.swift */,
				016BB7B51B978FAF008F6E4B /* ViewController.xib */,
			);
			name = Classes;
			sourceTree = "<group>";
		};
/* End PBXGroup section */

/* Begin PBXNativeTarget section */
		016BB7671B974C3A008F6E4B /* Walkthrough */ = {
			isa = PBXNativeTarget;
			buildConfigurationList = 016BB7871B974C3B008F6E4B /* Build configuration list for PBXNativeTarget "Walkthrough" */;
			buildPhases = (
				016BB7641B974C3A008F6E4B /* Sources */,
				016BB7651B974C3A008F6E4B /* Frameworks */,
				016BB7661B974C3A008F6E4B /* Resources */,
			);
			buildRules = (
			);
			dependencies = (
			);
			name = Walkthrough;
			productName = Walkthrough;
			productReference = 016BB7681B974C3A008F6E4B /* Walkthrough.app */;
			productType = "com.apple.product-type.application";
		};
		016BB77C1B974C3B008F6E4B /* WalkthroughTests */ = {
			isa = PBXNativeTarget;
			buildConfigurationList = 016BB78A1B974C3B008F6E4B /* Build configuration list for PBXNativeTarget "WalkthroughTests" */;
			buildPhases = (
				016BB7791B974C3B008F6E4B /* Sources */,
				016BB77A1B974C3B008F6E4B /* Frameworks */,
				016BB77B1B974C3B008F6E4B /* Resources */,
			);
			buildRules = (
			);
			dependencies = (
				016BB77F1B974C3B008F6E4B /* PBXTargetDependency */,
			);
			name = WalkthroughTests;
			productName = WalkthroughTests;
			productReference = 016BB77D1B974C3B008F6E4B /* WalkthroughTests.xctest */;
			productType = "com.apple.product-type.bundle.unit-test";
		};
/* End PBXNativeTarget section */

/* Begin PBXProject section */
		016BB7601B974C3A008F6E4B /* Project object */ = {
			isa = PBXProject;
			attributes = {
				LastUpgradeCheck = 0640;
				ORGANIZATIONNAME = "3Advance, LLC";
				TargetAttributes = {
					016BB7671B974C3A008F6E4B = {
						CreatedOnToolsVersion = 6.4;
						DevelopmentTeam = 36M5URAG56;
					};
					016BB77C1B974C3B008F6E4B = {
						CreatedOnToolsVersion = 6.4;
						TestTargetID = 016BB7671B974C3A008F6E4B;
					};
				};
			};
			buildConfigurationList = 016BB7631B974C3A008F6E4B /* Build configuration list for PBXProject "Walkthrough" */;
			compatibilityVersion = "Xcode 3.2";
			developmentRegion = English;
			hasScannedForEncodings = 0;
			knownRegions = (
				en,
				Base,
			);
			mainGroup = 016BB75F1B974C3A008F6E4B;
			productRefGroup = 016BB7691B974C3A008F6E4B /* Products */;
			projectDirPath = "";
			projectRoot = "";
			targets = (
				016BB7671B974C3A008F6E4B /* Walkthrough */,
				016BB77C1B974C3B008F6E4B /* WalkthroughTests */,
			);
		};
/* End PBXProject section */

/* Begin PBXResourcesBuildPhase section */
		016BB7661B974C3A008F6E4B /* Resources */ = {
			isa = PBXResourcesBuildPhase;
			buildActionMask = 2147483647;
			files = (
				01692A711B98AA0F00F72ACF /* 5f.png in Resources */,
				01692A701B98AA0F00F72ACF /* 4f.png in Resources */,
				016BB7B71B978FAF008F6E4B /* ViewController.xib in Resources */,
				01692A831B98BFBE00F72ACF /* 1fw.png in Resources */,
				01692A6D1B98AA0F00F72ACF /* 1f.png in Resources */,
				01692A871B98BFBE00F72ACF /* 5fw.png in Resources */,
				016BB7921B975826008F6E4B /* MBEWalkthroughController.xib in Resources */,
				01692A861B98BFBE00F72ACF /* 4fw.png in Resources */,
				01692A6F1B98AA0F00F72ACF /* 3f.png in Resources */,
				016BB7781B974C3B008F6E4B /* LaunchScreen.xib in Resources */,
				01692A721B98AA0F00F72ACF /* 6f.png in Resources */,
				016BB7751B974C3B008F6E4B /* Images.xcassets in Resources */,
				01692A7D1B98BDDB00F72ACF /* bg.png in Resources */,
				01692A6E1B98AA0F00F72ACF /* 2f.png in Resources */,
				01692A841B98BFBE00F72ACF /* 2fw.png in Resources */,
				016BB7961B975C74008F6E4B /* MBEWalkthroughCell.xib in Resources */,
				01692A731B98AA0F00F72ACF /* 7f.png in Resources */,
				01692A851B98BFBE00F72ACF /* 3fw.png in Resources */,
			);
			runOnlyForDeploymentPostprocessing = 0;
		};
		016BB77B1B974C3B008F6E4B /* Resources */ = {
			isa = PBXResourcesBuildPhase;
			buildActionMask = 2147483647;
			files = (
			);
			runOnlyForDeploymentPostprocessing = 0;
		};
/* End PBXResourcesBuildPhase section */

/* Begin PBXSourcesBuildPhase section */
		016BB7641B974C3A008F6E4B /* Sources */ = {
			isa = PBXSourcesBuildPhase;
			buildActionMask = 2147483647;
			files = (
				016BB7B61B978FAF008F6E4B /* ViewController.swift in Sources */,
				016BB7901B974D01008F6E4B /* MBEWalkthroughController.swift in Sources */,
				016BB76E1B974C3A008F6E4B /* AppDelegate.swift in Sources */,
				016BB7951B975C74008F6E4B /* MBEWalkthroughCell.swift in Sources */,
			);
			runOnlyForDeploymentPostprocessing = 0;
		};
		016BB7791B974C3B008F6E4B /* Sources */ = {
			isa = PBXSourcesBuildPhase;
			buildActionMask = 2147483647;
			files = (
				016BB7841B974C3B008F6E4B /* WalkthroughTests.swift in Sources */,
			);
			runOnlyForDeploymentPostprocessing = 0;
		};
/* End PBXSourcesBuildPhase section */

/* Begin PBXTargetDependency section */
		016BB77F1B974C3B008F6E4B /* PBXTargetDependency */ = {
			isa = PBXTargetDependency;
			target = 016BB7671B974C3A008F6E4B /* Walkthrough */;
			targetProxy = 016BB77E1B974C3B008F6E4B /* PBXContainerItemProxy */;
		};
/* End PBXTargetDependency section */

/* Begin PBXVariantGroup section */
		016BB7761B974C3B008F6E4B /* LaunchScreen.xib */ = {
			isa = PBXVariantGroup;
			children = (
				016BB7771B974C3B008F6E4B /* Base */,
			);
			name = LaunchScreen.xib;
			sourceTree = "<group>";
		};
/* End PBXVariantGroup section */

/* Begin XCBuildConfiguration section */
		016BB7851B974C3B008F6E4B /* Debug */ = {
			isa = XCBuildConfiguration;
			buildSettings = {
				ALWAYS_SEARCH_USER_PATHS = NO;
				CLANG_CXX_LANGUAGE_STANDARD = "gnu++0x";
				CLANG_CXX_LIBRARY = "libc++";
				CLANG_ENABLE_MODULES = YES;
				CLANG_ENABLE_OBJC_ARC = YES;
				CLANG_WARN_BOOL_CONVERSION = YES;
				CLANG_WARN_CONSTANT_CONVERSION = YES;
				CLANG_WARN_DIRECT_OBJC_ISA_USAGE = YES_ERROR;
				CLANG_WARN_EMPTY_BODY = YES;
				CLANG_WARN_ENUM_CONVERSION = YES;
				CLANG_WARN_INT_CONVERSION = YES;
				CLANG_WARN_OBJC_ROOT_CLASS = YES_ERROR;
				CLANG_WARN_UNREACHABLE_CODE = YES;
				CLANG_WARN__DUPLICATE_METHOD_MATCH = YES;
				"CODE_SIGN_IDENTITY[sdk=iphoneos*]" = "iPhone Developer";
				COPY_PHASE_STRIP = NO;
				DEBUG_INFORMATION_FORMAT = "dwarf-with-dsym";
				ENABLE_STRICT_OBJC_MSGSEND = YES;
				GCC_C_LANGUAGE_STANDARD = gnu99;
				GCC_DYNAMIC_NO_PIC = NO;
				GCC_NO_COMMON_BLOCKS = YES;
				GCC_OPTIMIZATION_LEVEL = 0;
				GCC_PREPROCESSOR_DEFINITIONS = (
					"DEBUG=1",
					"$(inherited)",
				);
				GCC_SYMBOLS_PRIVATE_EXTERN = NO;
				GCC_WARN_64_TO_32_BIT_CONVERSION = YES;
				GCC_WARN_ABOUT_RETURN_TYPE = YES_ERROR;
				GCC_WARN_UNDECLARED_SELECTOR = YES;
				GCC_WARN_UNINITIALIZED_AUTOS = YES_AGGRESSIVE;
				GCC_WARN_UNUSED_FUNCTION = YES;
				GCC_WARN_UNUSED_VARIABLE = YES;
				IPHONEOS_DEPLOYMENT_TARGET = 8.4;
				MTL_ENABLE_DEBUG_INFO = YES;
				ONLY_ACTIVE_ARCH = YES;
				SDKROOT = iphoneos;
				SWIFT_OPTIMIZATION_LEVEL = "-Onone";
			};
			name = Debug;
		};
		016BB7861B974C3B008F6E4B /* Release */ = {
			isa = XCBuildConfiguration;
			buildSettings = {
				ALWAYS_SEARCH_USER_PATHS = NO;
				CLANG_CXX_LANGUAGE_STANDARD = "gnu++0x";
				CLANG_CXX_LIBRARY = "libc++";
				CLANG_ENABLE_MODULES = YES;
				CLANG_ENABLE_OBJC_ARC = YES;
				CLANG_WARN_BOOL_CONVERSION = YES;
				CLANG_WARN_CONSTANT_CONVERSION = YES;
				CLANG_WARN_DIRECT_OBJC_ISA_USAGE = YES_ERROR;
				CLANG_WARN_EMPTY_BODY = YES;
				CLANG_WARN_ENUM_CONVERSION = YES;
				CLANG_WARN_INT_CONVERSION = YES;
				CLANG_WARN_OBJC_ROOT_CLASS = YES_ERROR;
				CLANG_WARN_UNREACHABLE_CODE = YES;
				CLANG_WARN__DUPLICATE_METHOD_MATCH = YES;
				"CODE_SIGN_IDENTITY[sdk=iphoneos*]" = "iPhone Developer";
				COPY_PHASE_STRIP = NO;
				DEBUG_INFORMATION_FORMAT = "dwarf-with-dsym";
				ENABLE_NS_ASSERTIONS = NO;
				ENABLE_STRICT_OBJC_MSGSEND = YES;
				GCC_C_LANGUAGE_STANDARD = gnu99;
				GCC_NO_COMMON_BLOCKS = YES;
				GCC_WARN_64_TO_32_BIT_CONVERSION = YES;
				GCC_WARN_ABOUT_RETURN_TYPE = YES_ERROR;
				GCC_WARN_UNDECLARED_SELECTOR = YES;
				GCC_WARN_UNINITIALIZED_AUTOS = YES_AGGRESSIVE;
				GCC_WARN_UNUSED_FUNCTION = YES;
				GCC_WARN_UNUSED_VARIABLE = YES;
				IPHONEOS_DEPLOYMENT_TARGET = 8.4;
				MTL_ENABLE_DEBUG_INFO = NO;
				SDKROOT = iphoneos;
				VALIDATE_PRODUCT = YES;
			};
			name = Release;
		};
		016BB7881B974C3B008F6E4B /* Debug */ = {
			isa = XCBuildConfiguration;
			buildSettings = {
				ASSETCATALOG_COMPILER_APPICON_NAME = AppIcon;
				CODE_SIGN_IDENTITY = "iPhone Developer";
				INFOPLIST_FILE = Walkthrough/Info.plist;
				IPHONEOS_DEPLOYMENT_TARGET = 8.0;
				LD_RUNPATH_SEARCH_PATHS = "$(inherited) @executable_path/Frameworks";
				PRODUCT_NAME = "$(TARGET_NAME)";
				SWIFT_OBJC_BRIDGING_HEADER = "";
				TARGETED_DEVICE_FAMILY = 1;
			};
			name = Debug;
		};
		016BB7891B974C3B008F6E4B /* Release */ = {
			isa = XCBuildConfiguration;
			buildSettings = {
				ASSETCATALOG_COMPILER_APPICON_NAME = AppIcon;
				CODE_SIGN_IDENTITY = "iPhone Developer";
				INFOPLIST_FILE = Walkthrough/Info.plist;
				IPHONEOS_DEPLOYMENT_TARGET = 8.0;
				LD_RUNPATH_SEARCH_PATHS = "$(inherited) @executable_path/Frameworks";
				PRODUCT_NAME = "$(TARGET_NAME)";
				SWIFT_OBJC_BRIDGING_HEADER = "";
				TARGETED_DEVICE_FAMILY = 1;
			};
			name = Release;
		};
		016BB78B1B974C3B008F6E4B /* Debug */ = {
			isa = XCBuildConfiguration;
			buildSettings = {
				BUNDLE_LOADER = "$(TEST_HOST)";
				FRAMEWORK_SEARCH_PATHS = (
					"$(SDKROOT)/Developer/Library/Frameworks",
					"$(inherited)",
				);
				GCC_PREPROCESSOR_DEFINITIONS = (
					"DEBUG=1",
					"$(inherited)",
				);
				INFOPLIST_FILE = WalkthroughTests/Info.plist;
				LD_RUNPATH_SEARCH_PATHS = "$(inherited) @executable_path/Frameworks @loader_path/Frameworks";
				PRODUCT_NAME = "$(TARGET_NAME)";
				TEST_HOST = "$(BUILT_PRODUCTS_DIR)/Walkthrough.app/Walkthrough";
			};
			name = Debug;
		};
		016BB78C1B974C3B008F6E4B /* Release */ = {
			isa = XCBuildConfiguration;
			buildSettings = {
				BUNDLE_LOADER = "$(TEST_HOST)";
				FRAMEWORK_SEARCH_PATHS = (
					"$(SDKROOT)/Developer/Library/Frameworks",
					"$(inherited)",
				);
				INFOPLIST_FILE = WalkthroughTests/Info.plist;
				LD_RUNPATH_SEARCH_PATHS = "$(inherited) @executable_path/Frameworks @loader_path/Frameworks";
				PRODUCT_NAME = "$(TARGET_NAME)";
				TEST_HOST = "$(BUILT_PRODUCTS_DIR)/Walkthrough.app/Walkthrough";
			};
			name = Release;
		};
/* End XCBuildConfiguration section */

/* Begin XCConfigurationList section */
		016BB7631B974C3A008F6E4B /* Build configuration list for PBXProject "Walkthrough" */ = {
			isa = XCConfigurationList;
			buildConfigurations = (
				016BB7851B974C3B008F6E4B /* Debug */,
				016BB7861B974C3B008F6E4B /* Release */,
			);
			defaultConfigurationIsVisible = 0;
			defaultConfigurationName = Release;
		};
		016BB7871B974C3B008F6E4B /* Build configuration list for PBXNativeTarget "Walkthrough" */ = {
			isa = XCConfigurationList;
			buildConfigurations = (
				016BB7881B974C3B008F6E4B /* Debug */,
				016BB7891B974C3B008F6E4B /* Release */,
			);
			defaultConfigurationIsVisible = 0;
			defaultConfigurationName = Release;
		};
		016BB78A1B974C3B008F6E4B /* Build configuration list for PBXNativeTarget "WalkthroughTests" */ = {
			isa = XCConfigurationList;
			buildConfigurations = (
				016BB78B1B974C3B008F6E4B /* Debug */,
				016BB78C1B974C3B008F6E4B /* Release */,
			);
			defaultConfigurationIsVisible = 0;
			defaultConfigurationName = Release;
		};
/* End XCConfigurationList section */
	};
	rootObject = 016BB7601B974C3A008F6E4B /* Project object */;
}
